
Microsoft Visual Studio Solution File, Format Version 12.00
# Visual Studio 15
VisualStudioVersion = 15.0.27004.2002
MinimumVisualStudioVersion = 10.0.40219.1
Project("{8BC9CEB8-8B4A-11D0-8D11-00A0C91BC942}") = "Task1", "Task1\Task1.vcxproj", "{C4F9AB84-ED04-45B1-834B-6BC63A7A1334}"
EndProject
Project("{8BC9CEB8-8B4A-11D0-8D11-00A0C91BC942}") = "Task2", "Task2\Task2.vcxproj", "{F5A30A98-25D7-4E6F-AB5E-CF9E1448AC84}"
EndProject
Project("{8BC9CEB8-8B4A-11D0-8D11-00A0C91BC942}") = "Task3", "Task3\Task3.vcxproj", "{4B067B90-D7E0-4B95-9832-A9DC61C1B2CF}"
EndProject
Project("{8BC9CEB8-8B4A-11D0-8D11-00A0C91BC942}") = "Task4", "Task4\Task4.vcxproj", "{F7AE9435-C667-4171-8697-C48E7B431968}"
EndProject
Project("{8BC9CEB8-8B4A-11D0-8D11-00A0C91BC942}") = "Task7", "Task7\Task7.vcxproj", "{AA0EABA0-D593-4A50-888C-6D6B4730AF09}"
EndProject
Project("{8BC9CEB8-8B4A-11D0-8D11-00A0C91BC942}") = "Task8", "Task8\Task8.vcxproj", "{6E31617C-BE43-40D1-9157-B397A4EE36E2}"
EndProject
Global
	GlobalSection(SolutionConfigurationPlatforms) = preSolution
		Debug|x64 = Debug|x64
		Debug|x86 = Debug|x86
		Release|x64 = Release|x64
		Release|x86 = Release|x86
	EndGlobalSection
	GlobalSection(ProjectConfigurationPlatforms) = postSolution
		{C4F9AB84-ED04-45B1-834B-6BC63A7A1334}.Debug|x64.ActiveCfg = Debug|x64
		{C4F9AB84-ED04-45B1-834B-6BC63A7A1334}.Debug|x64.Build.0 = Debug|x64
		{C4F9AB84-ED04-45B1-834B-6BC63A7A1334}.Debug|x86.ActiveCfg = Debug|Win32
		{C4F9AB84-ED04-45B1-834B-6BC63A7A1334}.Debug|x86.Build.0 = Debug|Win32
		{C4F9AB84-ED04-45B1-834B-6BC63A7A1334}.Release|x64.ActiveCfg = Release|x64
		{C4F9AB84-ED04-45B1-834B-6BC63A7A1334}.Release|x64.Build.0 = Release|x64
		{C4F9AB84-ED04-45B1-834B-6BC63A7A1334}.Release|x86.ActiveCfg = Release|Win32
		{C4F9AB84-ED04-45B1-834B-6BC63A7A1334}.Release|x86.Build.0 = Release|Win32
		{F5A30A98-25D7-4E6F-AB5E-CF9E1448AC84}.Debug|x64.ActiveCfg = Debug|x64
		{F5A30A98-25D7-4E6F-AB5E-CF9E1448AC84}.Debug|x64.Build.0 = Debug|x64
		{F5A30A98-25D7-4E6F-AB5E-CF9E1448AC84}.Debug|x86.ActiveCfg = Debug|Win32
		{F5A30A98-25D7-4E6F-AB5E-CF9E1448AC84}.Debug|x86.Build.0 = Debug|Win32
		{F5A30A98-25D7-4E6F-AB5E-CF9E1448AC84}.Release|x64.ActiveCfg = Release|x64
		{F5A30A98-25D7-4E6F-AB5E-CF9E1448AC84}.Release|x64.Build.0 = Release|x64
		{F5A30A98-25D7-4E6F-AB5E-CF9E1448AC84}.Release|x86.ActiveCfg = Release|Win32
		{F5A30A98-25D7-4E6F-AB5E-CF9E1448AC84}.Release|x86.Build.0 = Release|Win32
		{4B067B90-D7E0-4B95-9832-A9DC61C1B2CF}.Debug|x64.ActiveCfg = Debug|x64
		{4B067B90-D7E0-4B95-9832-A9DC61C1B2CF}.Debug|x64.Build.0 = Debug|x64
		{4B067B90-D7E0-4B95-9832-A9DC61C1B2CF}.Debug|x86.ActiveCfg = Debug|Win32
		{4B067B90-D7E0-4B95-9832-A9DC61C1B2CF}.Debug|x86.Build.0 = Debug|Win32
		{4B067B90-D7E0-4B95-9832-A9DC61C1B2CF}.Release|x64.ActiveCfg = Release|x64
		{4B067B90-D7E0-4B95-9832-A9DC61C1B2CF}.Release|x64.Build.0 = Release|x64
		{4B067B90-D7E0-4B95-9832-A9DC61C1B2CF}.Release|x86.ActiveCfg = Release|Win32
		{4B067B90-D7E0-4B95-9832-A9DC61C1B2CF}.Release|x86.Build.0 = Release|Win32
		{F7AE9435-C667-4171-8697-C48E7B431968}.Debug|x64.ActiveCfg = Debug|x64
		{F7AE9435-C667-4171-8697-C48E7B431968}.Debug|x64.Build.0 = Debug|x64
		{F7AE9435-C667-4171-8697-C48E7B431968}.Debug|x86.ActiveCfg = Debug|Win32
		{F7AE9435-C667-4171-8697-C48E7B431968}.Debug|x86.Build.0 = Debug|Win32
		{F7AE9435-C667-4171-8697-C48E7B431968}.Release|x64.ActiveCfg = Release|x64
		{F7AE9435-C667-4171-8697-C48E7B431968}.Release|x64.Build.0 = Release|x64
		{F7AE9435-C667-4171-8697-C48E7B431968}.Release|x86.ActiveCfg = Release|Win32
		{F7AE9435-C667-4171-8697-C48E7B431968}.Release|x86.Build.0 = Release|Win32
		{AA0EABA0-D593-4A50-888C-6D6B4730AF09}.Debug|x64.ActiveCfg = Debug|x64
		{AA0EABA0-D593-4A50-888C-6D6B4730AF09}.Debug|x64.Build.0 = Debug|x64
		{AA0EABA0-D593-4A50-888C-6D6B4730AF09}.Debug|x86.ActiveCfg = Debug|Win32
		{AA0EABA0-D593-4A50-888C-6D6B4730AF09}.Debug|x86.Build.0 = Debug|Win32
		{AA0EABA0-D593-4A50-888C-6D6B4730AF09}.Release|x64.ActiveCfg = Release|x64
		{AA0EABA0-D593-4A50-888C-6D6B4730AF09}.Release|x64.Build.0 = Release|x64
		{AA0EABA0-D593-4A50-888C-6D6B4730AF09}.Release|x86.ActiveCfg = Release|Win32
		{AA0EABA0-D593-4A50-888C-6D6B4730AF09}.Release|x86.Build.0 = Release|Win32
		{6E31617C-BE43-40D1-9157-B397A4EE36E2}.Debug|x64.ActiveCfg = Debug|x64
		{6E31617C-BE43-40D1-9157-B397A4EE36E2}.Debug|x64.Build.0 = Debug|x64
		{6E31617C-BE43-40D1-9157-B397A4EE36E2}.Debug|x86.ActiveCfg = Debug|Win32
		{6E31617C-BE43-40D1-9157-B397A4EE36E2}.Debug|x86.Build.0 = Debug|Win32
		{6E31617C-BE43-40D1-9157-B397A4EE36E2}.Release|x64.ActiveCfg = Release|x64
		{6E31617C-BE43-40D1-9157-B397A4EE36E2}.Release|x64.Build.0 = Release|x64
		{6E31617C-BE43-40D1-9157-B397A4EE36E2}.Release|x86.ActiveCfg = Release|Win32
		{6E31617C-BE43-40D1-9157-B397A4EE36E2}.Release|x86.Build.0 = Release|Win32
	EndGlobalSection
	GlobalSection(SolutionProperties) = preSolution
		HideSolutionNode = FALSE
	EndGlobalSection
	GlobalSection(ExtensibilityGlobals) = postSolution
		SolutionGuid = {476F2601-A2B8-4323-8BE6-3BC17FFA8F9F}
	EndGlobalSection
EndGlobal
