
Microsoft Visual Studio Solution File, Format Version 12.00
# Visual Studio 15
VisualStudioVersion = 15.0.28307.168
MinimumVisualStudioVersion = 10.0.40219.1
Project("{8BC9CEB8-8B4A-11D0-8D11-00A0C91BC942}") = "Task1", "Task1\Task1.vcxproj", "{C4F9AB84-ED04-45B1-834B-6BC63A7A1334}"
EndProject
Global
	GlobalSection(SolutionConfigurationPlatforms) = preSolution
		Debug|x64 = Debug|x64
		Debug|x86 = Debug|x86
		Release|x64 = Release|x64
		Release|x86 = Release|x86
	EndGlobalSection
	GlobalSection(ProjectConfigurationPlatforms) = postSolution
		{C4F9AB84-ED04-45B1-834B-6BC63A7A1334}.Debug|x64.ActiveCfg = Debug|x64
		{C4F9AB84-ED04-45B1-834B-6BC63A7A1334}.Debug|x64.Build.0 = Debug|x64
		{C4F9AB84-ED04-45B1-834B-6BC63A7A1334}.Debug|x86.ActiveCfg = Debug|Win32
		{C4F9AB84-ED04-45B1-834B-6BC63A7A1334}.Debug|x86.Build.0 = Debug|Win32
		{C4F9AB84-ED04-45B1-834B-6BC63A7A1334}.Release|x64.ActiveCfg = Release|x64
		{C4F9AB84-ED04-45B1-834B-6BC63A7A1334}.Release|x64.Build.0 = Release|x64
		{C4F9AB84-ED04-45B1-834B-6BC63A7A1334}.Release|x86.ActiveCfg = Release|Win32
		{C4F9AB84-ED04-45B1-834B-6BC63A7A1334}.Release|x86.Build.0 = Release|Win32
	EndGlobalSection
	GlobalSection(SolutionProperties) = preSolution
		HideSolutionNode = FALSE
	EndGlobalSection
	GlobalSection(ExtensibilityGlobals) = postSolution
		SolutionGuid = {476F2601-A2B8-4323-8BE6-3BC17FFA8F9F}
	EndGlobalSection
EndGlobal
